
Microsoft Visual Studio Solution File, Format Version 12.00
# Visual Studio Version 16
VisualStudioVersion = 16.0.31019.35
MinimumVisualStudioVersion = 10.0.40219.1
Project("{9A19103F-16F7-4668-BE54-9A1E7A4F7556}") = "HTTPProtocolDemo", "HTTPProtocolDemo\HTTPProtocolDemo.csproj", "{34516716-259C-4C05-BCF8-A05ECBED5C4F}"
EndProject
Project("{FAE04EC0-301F-11D3-BF4B-00C04F79EFBC}") = "PrimeNumbersCounter", "PrimeNumbersCounter\PrimeNumbersCounter.csproj", "{A963D98C-0BA9-4FDA-B3BA-7DECA572FDDC}"
EndProject
Project("{FAE04EC0-301F-11D3-BF4B-00C04F79EFBC}") = "WpfApplication", "WpfApplication\WpfApplication.csproj", "{C96F251D-2EB4-4EF0-A200-E17E60669EC4}"
EndProject
Global
	GlobalSection(SolutionConfigurationPlatforms) = preSolution
		Debug|Any CPU = Debug|Any CPU
		Release|Any CPU = Release|Any CPU
	EndGlobalSection
	GlobalSection(ProjectConfigurationPlatforms) = postSolution
		{34516716-259C-4C05-BCF8-A05ECBED5C4F}.Debug|Any CPU.ActiveCfg = Debug|Any CPU
		{34516716-259C-4C05-BCF8-A05ECBED5C4F}.Debug|Any CPU.Build.0 = Debug|Any CPU
		{34516716-259C-4C05-BCF8-A05ECBED5C4F}.Release|Any CPU.ActiveCfg = Release|Any CPU
		{34516716-259C-4C05-BCF8-A05ECBED5C4F}.Release|Any CPU.Build.0 = Release|Any CPU
		{A963D98C-0BA9-4FDA-B3BA-7DECA572FDDC}.Debug|Any CPU.ActiveCfg = Debug|Any CPU
		{A963D98C-0BA9-4FDA-B3BA-7DECA572FDDC}.Debug|Any CPU.Build.0 = Debug|Any CPU
		{A963D98C-0BA9-4FDA-B3BA-7DECA572FDDC}.Release|Any CPU.ActiveCfg = Release|Any CPU
		{A963D98C-0BA9-4FDA-B3BA-7DECA572FDDC}.Release|Any CPU.Build.0 = Release|Any CPU
		{C96F251D-2EB4-4EF0-A200-E17E60669EC4}.Debug|Any CPU.ActiveCfg = Debug|Any CPU
		{C96F251D-2EB4-4EF0-A200-E17E60669EC4}.Debug|Any CPU.Build.0 = Debug|Any CPU
		{C96F251D-2EB4-4EF0-A200-E17E60669EC4}.Release|Any CPU.ActiveCfg = Release|Any CPU
		{C96F251D-2EB4-4EF0-A200-E17E60669EC4}.Release|Any CPU.Build.0 = Release|Any CPU
	EndGlobalSection
	GlobalSection(SolutionProperties) = preSolution
		HideSolutionNode = FALSE
	EndGlobalSection
	GlobalSection(ExtensibilityGlobals) = postSolution
		SolutionGuid = {D45FE7E5-C9E5-4C2A-973B-6AB83CEF4826}
	EndGlobalSection
EndGlobal
